// !$*UTF8*$!
{
	archiveVersion = 1;
	classes = {
	};
	objectVersion = 46;
	objects = {

/* Begin PBXBuildFile section */
		905627581DE91F7E009A545D /* ColorUtil.swift in Sources */ = {isa = PBXBuildFile; fileRef = 905627571DE91F7E009A545D /* ColorUtil.swift */; };
		90991F061DE8740C00433B7B /* AppDelegate.swift in Sources */ = {isa = PBXBuildFile; fileRef = 90991F051DE8740C00433B7B /* AppDelegate.swift */; };
		90991F081DE8740C00433B7B /* ViewController.swift in Sources */ = {isa = PBXBuildFile; fileRef = 90991F071DE8740C00433B7B /* ViewController.swift */; };
		90991F0B1DE8740C00433B7B /* Main.storyboard in Resources */ = {isa = PBXBuildFile; fileRef = 90991F091DE8740C00433B7B /* Main.storyboard */; };
		90991F0E1DE8740C00433B7B /* Open_Close.xcdatamodeld in Sources */ = {isa = PBXBuildFile; fileRef = 90991F0C1DE8740C00433B7B /* Open_Close.xcdatamodeld */; };
		90991F101DE8740C00433B7B /* Assets.xcassets in Resources */ = {isa = PBXBuildFile; fileRef = 90991F0F1DE8740C00433B7B /* Assets.xcassets */; };
		90991F131DE8740C00433B7B /* LaunchScreen.storyboard in Resources */ = {isa = PBXBuildFile; fileRef = 90991F111DE8740C00433B7B /* LaunchScreen.storyboard */; };
		90991F1E1DE8740C00433B7B /* Open_CloseTests.swift in Sources */ = {isa = PBXBuildFile; fileRef = 90991F1D1DE8740C00433B7B /* Open_CloseTests.swift */; };
		F113AF3D962E4DE5DAAD009A /* Pods_Open_Close.framework in Frameworks */ = {isa = PBXBuildFile; fileRef = B0E747F0B29C126D23B6A564 /* Pods_Open_Close.framework */; };
/* End PBXBuildFile section */

/* Begin PBXContainerItemProxy section */
		90991F1A1DE8740C00433B7B /* PBXContainerItemProxy */ = {
			isa = PBXContainerItemProxy;
			containerPortal = 90991EFA1DE8740C00433B7B /* Project object */;
			proxyType = 1;
			remoteGlobalIDString = 90991F011DE8740C00433B7B;
			remoteInfo = "Open&Close";
		};
/* End PBXContainerItemProxy section */

/* Begin PBXFileReference section */
		199EC977C6B249A84D70F921 /* Pods-Open&Close.release.xcconfig */ = {isa = PBXFileReference; includeInIndex = 1; lastKnownFileType = text.xcconfig; name = "Pods-Open&Close.release.xcconfig"; path = "Pods/Target Support Files/Pods-Open&Close/Pods-Open&Close.release.xcconfig"; sourceTree = "<group>"; };
		1B343EBA06ECDFCDD06EAAF1 /* Pods-Open&Close.debug.xcconfig */ = {isa = PBXFileReference; includeInIndex = 1; lastKnownFileType = text.xcconfig; name = "Pods-Open&Close.debug.xcconfig"; path = "Pods/Target Support Files/Pods-Open&Close/Pods-Open&Close.debug.xcconfig"; sourceTree = "<group>"; };
		905627571DE91F7E009A545D /* ColorUtil.swift */ = {isa = PBXFileReference; fileEncoding = 4; lastKnownFileType = sourcecode.swift; path = ColorUtil.swift; sourceTree = "<group>"; };
		90991F021DE8740C00433B7B /* Open&Close.app */ = {isa = PBXFileReference; explicitFileType = wrapper.application; includeInIndex = 0; path = "Open&Close.app"; sourceTree = BUILT_PRODUCTS_DIR; };
		90991F051DE8740C00433B7B /* AppDelegate.swift */ = {isa = PBXFileReference; lastKnownFileType = sourcecode.swift; path = AppDelegate.swift; sourceTree = "<group>"; };
		90991F071DE8740C00433B7B /* ViewController.swift */ = {isa = PBXFileReference; lastKnownFileType = sourcecode.swift; path = ViewController.swift; sourceTree = "<group>"; };
		90991F0A1DE8740C00433B7B /* Base */ = {isa = PBXFileReference; lastKnownFileType = file.storyboard; name = Base; path = Base.lproj/Main.storyboard; sourceTree = "<group>"; };
		90991F0D1DE8740C00433B7B /* Open_Close.xcdatamodel */ = {isa = PBXFileReference; lastKnownFileType = wrapper.xcdatamodel; path = Open_Close.xcdatamodel; sourceTree = "<group>"; };
		90991F0F1DE8740C00433B7B /* Assets.xcassets */ = {isa = PBXFileReference; lastKnownFileType = folder.assetcatalog; path = Assets.xcassets; sourceTree = "<group>"; };
		90991F121DE8740C00433B7B /* Base */ = {isa = PBXFileReference; lastKnownFileType = file.storyboard; name = Base; path = Base.lproj/LaunchScreen.storyboard; sourceTree = "<group>"; };
		90991F141DE8740C00433B7B /* Info.plist */ = {isa = PBXFileReference; lastKnownFileType = text.plist.xml; path = Info.plist; sourceTree = "<group>"; };
		90991F191DE8740C00433B7B /* Open&CloseTests.xctest */ = {isa = PBXFileReference; explicitFileType = wrapper.cfbundle; includeInIndex = 0; path = "Open&CloseTests.xctest"; sourceTree = BUILT_PRODUCTS_DIR; };
		90991F1D1DE8740C00433B7B /* Open_CloseTests.swift */ = {isa = PBXFileReference; lastKnownFileType = sourcecode.swift; path = Open_CloseTests.swift; sourceTree = "<group>"; };
		90991F1F1DE8740C00433B7B /* Info.plist */ = {isa = PBXFileReference; lastKnownFileType = text.plist.xml; path = Info.plist; sourceTree = "<group>"; };
		B0E747F0B29C126D23B6A564 /* Pods_Open_Close.framework */ = {isa = PBXFileReference; explicitFileType = wrapper.framework; includeInIndex = 0; path = Pods_Open_Close.framework; sourceTree = BUILT_PRODUCTS_DIR; };
/* End PBXFileReference section */

/* Begin PBXFrameworksBuildPhase section */
		90991EFF1DE8740C00433B7B /* Frameworks */ = {
			isa = PBXFrameworksBuildPhase;
			buildActionMask = 2147483647;
			files = (
				F113AF3D962E4DE5DAAD009A /* Pods_Open_Close.framework in Frameworks */,
			);
			runOnlyForDeploymentPostprocessing = 0;
		};
		90991F161DE8740C00433B7B /* Frameworks */ = {
			isa = PBXFrameworksBuildPhase;
			buildActionMask = 2147483647;
			files = (
			);
			runOnlyForDeploymentPostprocessing = 0;
		};
/* End PBXFrameworksBuildPhase section */

/* Begin PBXGroup section */
		2936B18E12098ED297679043 /* Pods */ = {
			isa = PBXGroup;
			children = (
				1B343EBA06ECDFCDD06EAAF1 /* Pods-Open&Close.debug.xcconfig */,
				199EC977C6B249A84D70F921 /* Pods-Open&Close.release.xcconfig */,
			);
			name = Pods;
			sourceTree = "<group>";
		};
		90991EF91DE8740C00433B7B = {
			isa = PBXGroup;
			children = (
				90991F041DE8740C00433B7B /* Open&Close */,
				90991F1C1DE8740C00433B7B /* Open&CloseTests */,
				90991F031DE8740C00433B7B /* Products */,
				2936B18E12098ED297679043 /* Pods */,
				C583E582A6C02B3487F666F4 /* Frameworks */,
			);
			sourceTree = "<group>";
		};
		90991F031DE8740C00433B7B /* Products */ = {
			isa = PBXGroup;
			children = (
				90991F021DE8740C00433B7B /* Open&Close.app */,
				90991F191DE8740C00433B7B /* Open&CloseTests.xctest */,
			);
			name = Products;
			sourceTree = "<group>";
		};
		90991F041DE8740C00433B7B /* Open&Close */ = {
			isa = PBXGroup;
			children = (
				90991F051DE8740C00433B7B /* AppDelegate.swift */,
				90991F071DE8740C00433B7B /* ViewController.swift */,
				90991F091DE8740C00433B7B /* Main.storyboard */,
				90991F0F1DE8740C00433B7B /* Assets.xcassets */,
				90991F111DE8740C00433B7B /* LaunchScreen.storyboard */,
				90991F141DE8740C00433B7B /* Info.plist */,
				90991F0C1DE8740C00433B7B /* Open_Close.xcdatamodeld */,
				905627571DE91F7E009A545D /* ColorUtil.swift */,
			);
			path = "Open&Close";
			sourceTree = "<group>";
		};
		90991F1C1DE8740C00433B7B /* Open&CloseTests */ = {
			isa = PBXGroup;
			children = (
				90991F1D1DE8740C00433B7B /* Open_CloseTests.swift */,
				90991F1F1DE8740C00433B7B /* Info.plist */,
			);
			path = "Open&CloseTests";
			sourceTree = "<group>";
		};
		C583E582A6C02B3487F666F4 /* Frameworks */ = {
			isa = PBXGroup;
			children = (
				B0E747F0B29C126D23B6A564 /* Pods_Open_Close.framework */,
			);
			name = Frameworks;
			sourceTree = "<group>";
		};
/* End PBXGroup section */

/* Begin PBXNativeTarget section */
		90991F011DE8740C00433B7B /* Open&Close */ = {
			isa = PBXNativeTarget;
			buildConfigurationList = 90991F221DE8740C00433B7B /* Build configuration list for PBXNativeTarget "Open&Close" */;
			buildPhases = (
				37A96D53D3A16337A1362715 /* [CP] Check Pods Manifest.lock */,
				90991EFE1DE8740C00433B7B /* Sources */,
				90991EFF1DE8740C00433B7B /* Frameworks */,
				90991F001DE8740C00433B7B /* Resources */,
				55ED72E9EF34D6F2F489951F /* [CP] Embed Pods Frameworks */,
				E2F2601D49E1D91C5BEB74FB /* [CP] Copy Pods Resources */,
			);
			buildRules = (
			);
			dependencies = (
			);
			name = "Open&Close";
			productName = "Open&Close";
			productReference = 90991F021DE8740C00433B7B /* Open&Close.app */;
			productType = "com.apple.product-type.application";
		};
		90991F181DE8740C00433B7B /* Open&CloseTests */ = {
			isa = PBXNativeTarget;
			buildConfigurationList = 90991F251DE8740C00433B7B /* Build configuration list for PBXNativeTarget "Open&CloseTests" */;
			buildPhases = (
				90991F151DE8740C00433B7B /* Sources */,
				90991F161DE8740C00433B7B /* Frameworks */,
				90991F171DE8740C00433B7B /* Resources */,
			);
			buildRules = (
			);
			dependencies = (
				90991F1B1DE8740C00433B7B /* PBXTargetDependency */,
			);
			name = "Open&CloseTests";
			productName = "Open&CloseTests";
			productReference = 90991F191DE8740C00433B7B /* Open&CloseTests.xctest */;
			productType = "com.apple.product-type.bundle.unit-test";
		};
/* End PBXNativeTarget section */

/* Begin PBXProject section */
		90991EFA1DE8740C00433B7B /* Project object */ = {
			isa = PBXProject;
			attributes = {
				LastSwiftUpdateCheck = 0810;
				LastUpgradeCheck = 0810;
				ORGANIZATIONNAME = J1aDong;
				TargetAttributes = {
					90991F011DE8740C00433B7B = {
						CreatedOnToolsVersion = 8.1;
						DevelopmentTeam = PH2TMWBZ42;
						ProvisioningStyle = Automatic;
					};
					90991F181DE8740C00433B7B = {
						CreatedOnToolsVersion = 8.1;
						DevelopmentTeam = PH2TMWBZ42;
						ProvisioningStyle = Automatic;
						TestTargetID = 90991F011DE8740C00433B7B;
					};
				};
			};
			buildConfigurationList = 90991EFD1DE8740C00433B7B /* Build configuration list for PBXProject "Open&Close" */;
			compatibilityVersion = "Xcode 3.2";
			developmentRegion = English;
			hasScannedForEncodings = 0;
			knownRegions = (
				en,
				Base,
			);
			mainGroup = 90991EF91DE8740C00433B7B;
			productRefGroup = 90991F031DE8740C00433B7B /* Products */;
			projectDirPath = "";
			projectRoot = "";
			targets = (
				90991F011DE8740C00433B7B /* Open&Close */,
				90991F181DE8740C00433B7B /* Open&CloseTests */,
			);
		};
/* End PBXProject section */

/* Begin PBXResourcesBuildPhase section */
		90991F001DE8740C00433B7B /* Resources */ = {
			isa = PBXResourcesBuildPhase;
			buildActionMask = 2147483647;
			files = (
				90991F131DE8740C00433B7B /* LaunchScreen.storyboard in Resources */,
				90991F101DE8740C00433B7B /* Assets.xcassets in Resources */,
				90991F0B1DE8740C00433B7B /* Main.storyboard in Resources */,
			);
			runOnlyForDeploymentPostprocessing = 0;
		};
		90991F171DE8740C00433B7B /* Resources */ = {
			isa = PBXResourcesBuildPhase;
			buildActionMask = 2147483647;
			files = (
			);
			runOnlyForDeploymentPostprocessing = 0;
		};
/* End PBXResourcesBuildPhase section */

/* Begin PBXShellScriptBuildPhase section */
		37A96D53D3A16337A1362715 /* [CP] Check Pods Manifest.lock */ = {
			isa = PBXShellScriptBuildPhase;
			buildActionMask = 2147483647;
			files = (
			);
			inputPaths = (
			);
			name = "[CP] Check Pods Manifest.lock";
			outputPaths = (
			);
			runOnlyForDeploymentPostprocessing = 0;
			shellPath = /bin/sh;
			shellScript = "diff \"${PODS_ROOT}/../Podfile.lock\" \"${PODS_ROOT}/Manifest.lock\" > /dev/null\nif [ $? != 0 ] ; then\n    # print error to STDERR\n    echo \"error: The sandbox is not in sync with the Podfile.lock. Run 'pod install' or update your CocoaPods installation.\" >&2\n    exit 1\nfi\n";
			showEnvVarsInLog = 0;
		};
		55ED72E9EF34D6F2F489951F /* [CP] Embed Pods Frameworks */ = {
			isa = PBXShellScriptBuildPhase;
			buildActionMask = 2147483647;
			files = (
			);
			inputPaths = (
			);
			name = "[CP] Embed Pods Frameworks";
			outputPaths = (
			);
			runOnlyForDeploymentPostprocessing = 0;
			shellPath = /bin/sh;
			shellScript = "\"${SRCROOT}/Pods/Target Support Files/Pods-Open&Close/Pods-Open&Close-frameworks.sh\"\n";
			showEnvVarsInLog = 0;
		};
		E2F2601D49E1D91C5BEB74FB /* [CP] Copy Pods Resources */ = {
			isa = PBXShellScriptBuildPhase;
			buildActionMask = 2147483647;
			files = (
			);
			inputPaths = (
			);
			name = "[CP] Copy Pods Resources";
			outputPaths = (
			);
			runOnlyForDeploymentPostprocessing = 0;
			shellPath = /bin/sh;
			shellScript = "\"${SRCROOT}/Pods/Target Support Files/Pods-Open&Close/Pods-Open&Close-resources.sh\"\n";
			showEnvVarsInLog = 0;
		};
/* End PBXShellScriptBuildPhase section */

/* Begin PBXSourcesBuildPhase section */
		90991EFE1DE8740C00433B7B /* Sources */ = {
			isa = PBXSourcesBuildPhase;
			buildActionMask = 2147483647;
			files = (
				90991F081DE8740C00433B7B /* ViewController.swift in Sources */,
				90991F061DE8740C00433B7B /* AppDelegate.swift in Sources */,
				90991F0E1DE8740C00433B7B /* Open_Close.xcdatamodeld in Sources */,
				905627581DE91F7E009A545D /* ColorUtil.swift in Sources */,
			);
			runOnlyForDeploymentPostprocessing = 0;
		};
		90991F151DE8740C00433B7B /* Sources */ = {
			isa = PBXSourcesBuildPhase;
			buildActionMask = 2147483647;
			files = (
				90991F1E1DE8740C00433B7B /* Open_CloseTests.swift in Sources */,
			);
			runOnlyForDeploymentPostprocessing = 0;
		};
/* End PBXSourcesBuildPhase section */

/* Begin PBXTargetDependency section */
		90991F1B1DE8740C00433B7B /* PBXTargetDependency */ = {
			isa = PBXTargetDependency;
			target = 90991F011DE8740C00433B7B /* Open&Close */;
			targetProxy = 90991F1A1DE8740C00433B7B /* PBXContainerItemProxy */;
		};
/* End PBXTargetDependency section */

/* Begin PBXVariantGroup section */
		90991F091DE8740C00433B7B /* Main.storyboard */ = {
			isa = PBXVariantGroup;
			children = (
				90991F0A1DE8740C00433B7B /* Base */,
			);
			name = Main.storyboard;
			sourceTree = "<group>";
		};
		90991F111DE8740C00433B7B /* LaunchScreen.storyboard */ = {
			isa = PBXVariantGroup;
			children = (
				90991F121DE8740C00433B7B /* Base */,
			);
			name = LaunchScreen.storyboard;
			sourceTree = "<group>";
		};
/* End PBXVariantGroup section */

/* Begin XCBuildConfiguration section */
		90991F201DE8740C00433B7B /* Debug */ = {
			isa = XCBuildConfiguration;
			buildSettings = {
				ALWAYS_SEARCH_USER_PATHS = NO;
				CLANG_ANALYZER_NONNULL = YES;
				CLANG_CXX_LANGUAGE_STANDARD = "gnu++0x";
				CLANG_CXX_LIBRARY = "libc++";
				CLANG_ENABLE_MODULES = YES;
				CLANG_ENABLE_OBJC_ARC = YES;
				CLANG_WARN_BOOL_CONVERSION = YES;
				CLANG_WARN_CONSTANT_CONVERSION = YES;
				CLANG_WARN_DIRECT_OBJC_ISA_USAGE = YES_ERROR;
				CLANG_WARN_DOCUMENTATION_COMMENTS = YES;
				CLANG_WARN_EMPTY_BODY = YES;
				CLANG_WARN_ENUM_CONVERSION = YES;
				CLANG_WARN_INFINITE_RECURSION = YES;
				CLANG_WARN_INT_CONVERSION = YES;
				CLANG_WARN_OBJC_ROOT_CLASS = YES_ERROR;
				CLANG_WARN_SUSPICIOUS_MOVES = YES;
				CLANG_WARN_UNREACHABLE_CODE = YES;
				CLANG_WARN__DUPLICATE_METHOD_MATCH = YES;
				"CODE_SIGN_IDENTITY[sdk=iphoneos*]" = "iPhone Developer";
				COPY_PHASE_STRIP = NO;
				DEBUG_INFORMATION_FORMAT = dwarf;
				ENABLE_STRICT_OBJC_MSGSEND = YES;
				ENABLE_TESTABILITY = YES;
				GCC_C_LANGUAGE_STANDARD = gnu99;
				GCC_DYNAMIC_NO_PIC = NO;
				GCC_NO_COMMON_BLOCKS = YES;
				GCC_OPTIMIZATION_LEVEL = 0;
				GCC_PREPROCESSOR_DEFINITIONS = (
					"DEBUG=1",
					"$(inherited)",
				);
				GCC_WARN_64_TO_32_BIT_CONVERSION = YES;
				GCC_WARN_ABOUT_RETURN_TYPE = YES_ERROR;
				GCC_WARN_UNDECLARED_SELECTOR = YES;
				GCC_WARN_UNINITIALIZED_AUTOS = YES_AGGRESSIVE;
				GCC_WARN_UNUSED_FUNCTION = YES;
				GCC_WARN_UNUSED_VARIABLE = YES;
				IPHONEOS_DEPLOYMENT_TARGET = 10.1;
				MTL_ENABLE_DEBUG_INFO = YES;
				ONLY_ACTIVE_ARCH = YES;
				SDKROOT = iphoneos;
				SWIFT_ACTIVE_COMPILATION_CONDITIONS = DEBUG;
				SWIFT_OPTIMIZATION_LEVEL = "-Onone";
				TARGETED_DEVICE_FAMILY = "1,2";
			};
			name = Debug;
		};
		90991F211DE8740C00433B7B /* Release */ = {
			isa = XCBuildConfiguration;
			buildSettings = {
				ALWAYS_SEARCH_USER_PATHS = NO;
				CLANG_ANALYZER_NONNULL = YES;
				CLANG_CXX_LANGUAGE_STANDARD = "gnu++0x";
				CLANG_CXX_LIBRARY = "libc++";
				CLANG_ENABLE_MODULES = YES;
				CLANG_ENABLE_OBJC_ARC = YES;
				CLANG_WARN_BOOL_CONVERSION = YES;
				CLANG_WARN_CONSTANT_CONVERSION = YES;
				CLANG_WARN_DIRECT_OBJC_ISA_USAGE = YES_ERROR;
				CLANG_WARN_DOCUMENTATION_COMMENTS = YES;
				CLANG_WARN_EMPTY_BODY = YES;
				CLANG_WARN_ENUM_CONVERSION = YES;
				CLANG_WARN_INFINITE_RECURSION = YES;
				CLANG_WARN_INT_CONVERSION = YES;
				CLANG_WARN_OBJC_ROOT_CLASS = YES_ERROR;
				CLANG_WARN_SUSPICIOUS_MOVES = YES;
				CLANG_WARN_UNREACHABLE_CODE = YES;
				CLANG_WARN__DUPLICATE_METHOD_MATCH = YES;
				"CODE_SIGN_IDENTITY[sdk=iphoneos*]" = "iPhone Developer";
				COPY_PHASE_STRIP = NO;
				DEBUG_INFORMATION_FORMAT = "dwarf-with-dsym";
				ENABLE_NS_ASSERTIONS = NO;
				ENABLE_STRICT_OBJC_MSGSEND = YES;
				GCC_C_LANGUAGE_STANDARD = gnu99;
				GCC_NO_COMMON_BLOCKS = YES;
				GCC_WARN_64_TO_32_BIT_CONVERSION = YES;
				GCC_WARN_ABOUT_RETURN_TYPE = YES_ERROR;
				GCC_WARN_UNDECLARED_SELECTOR = YES;
				GCC_WARN_UNINITIALIZED_AUTOS = YES_AGGRESSIVE;
				GCC_WARN_UNUSED_FUNCTION = YES;
				GCC_WARN_UNUSED_VARIABLE = YES;
				IPHONEOS_DEPLOYMENT_TARGET = 10.1;
				MTL_ENABLE_DEBUG_INFO = NO;
				SDKROOT = iphoneos;
				SWIFT_OPTIMIZATION_LEVEL = "-Owholemodule";
				TARGETED_DEVICE_FAMILY = "1,2";
				VALIDATE_PRODUCT = YES;
			};
			name = Release;
		};
		90991F231DE8740C00433B7B /* Debug */ = {
			isa = XCBuildConfiguration;
			baseConfigurationReference = 1B343EBA06ECDFCDD06EAAF1 /* Pods-Open&Close.debug.xcconfig */;
			buildSettings = {
				ASSETCATALOG_COMPILER_APPICON_NAME = AppIcon;
				DEVELOPMENT_TEAM = PH2TMWBZ42;
				INFOPLIST_FILE = "Open&Close/Info.plist";
				LD_RUNPATH_SEARCH_PATHS = "$(inherited) @executable_path/Frameworks";
				PRODUCT_BUNDLE_IDENTIFIER = "com.j1adong.Open-Close";
				PRODUCT_NAME = "$(TARGET_NAME)";
				SWIFT_VERSION = 3.0;
			};
			name = Debug;
		};
		90991F241DE8740C00433B7B /* Release */ = {
			isa = XCBuildConfiguration;
			baseConfigurationReference = 199EC977C6B249A84D70F921 /* Pods-Open&Close.release.xcconfig */;
			buildSettings = {
				ASSETCATALOG_COMPILER_APPICON_NAME = AppIcon;
				DEVELOPMENT_TEAM = PH2TMWBZ42;
				INFOPLIST_FILE = "Open&Close/Info.plist";
				LD_RUNPATH_SEARCH_PATHS = "$(inherited) @executable_path/Frameworks";
				PRODUCT_BUNDLE_IDENTIFIER = "com.j1adong.Open-Close";
				PRODUCT_NAME = "$(TARGET_NAME)";
				SWIFT_VERSION = 3.0;
			};
			name = Release;
		};
		90991F261DE8740C00433B7B /* Debug */ = {
			isa = XCBuildConfiguration;
			buildSettings = {
				ALWAYS_EMBED_SWIFT_STANDARD_LIBRARIES = YES;
				BUNDLE_LOADER = "$(TEST_HOST)";
				DEVELOPMENT_TEAM = PH2TMWBZ42;
				INFOPLIST_FILE = "Open&CloseTests/Info.plist";
				LD_RUNPATH_SEARCH_PATHS = "$(inherited) @executable_path/Frameworks @loader_path/Frameworks";
				PRODUCT_BUNDLE_IDENTIFIER = "com.j1adong.Open-CloseTests";
				PRODUCT_NAME = "$(TARGET_NAME)";
				SWIFT_VERSION = 3.0;
				TEST_HOST = "$(BUILT_PRODUCTS_DIR)/Open&Close.app/Open&Close";
			};
			name = Debug;
		};
		90991F271DE8740C00433B7B /* Release */ = {
			isa = XCBuildConfiguration;
			buildSettings = {
				ALWAYS_EMBED_SWIFT_STANDARD_LIBRARIES = YES;
				BUNDLE_LOADER = "$(TEST_HOST)";
				DEVELOPMENT_TEAM = PH2TMWBZ42;
				INFOPLIST_FILE = "Open&CloseTests/Info.plist";
				LD_RUNPATH_SEARCH_PATHS = "$(inherited) @executable_path/Frameworks @loader_path/Frameworks";
				PRODUCT_BUNDLE_IDENTIFIER = "com.j1adong.Open-CloseTests";
				PRODUCT_NAME = "$(TARGET_NAME)";
				SWIFT_VERSION = 3.0;
				TEST_HOST = "$(BUILT_PRODUCTS_DIR)/Open&Close.app/Open&Close";
			};
			name = Release;
		};
/* End XCBuildConfiguration section */

/* Begin XCConfigurationList section */
		90991EFD1DE8740C00433B7B /* Build configuration list for PBXProject "Open&Close" */ = {
			isa = XCConfigurationList;
			buildConfigurations = (
				90991F201DE8740C00433B7B /* Debug */,
				90991F211DE8740C00433B7B /* Release */,
			);
			defaultConfigurationIsVisible = 0;
			defaultConfigurationName = Release;
		};
		90991F221DE8740C00433B7B /* Build configuration list for PBXNativeTarget "Open&Close" */ = {
			isa = XCConfigurationList;
			buildConfigurations = (
				90991F231DE8740C00433B7B /* Debug */,
				90991F241DE8740C00433B7B /* Release */,
			);
			defaultConfigurationIsVisible = 0;
			defaultConfigurationName = Release;
		};
		90991F251DE8740C00433B7B /* Build configuration list for PBXNativeTarget "Open&CloseTests" */ = {
			isa = XCConfigurationList;
			buildConfigurations = (
				90991F261DE8740C00433B7B /* Debug */,
				90991F271DE8740C00433B7B /* Release */,
			);
			defaultConfigurationIsVisible = 0;
			defaultConfigurationName = Release;
		};
/* End XCConfigurationList section */

/* Begin XCVersionGroup section */
		90991F0C1DE8740C00433B7B /* Open_Close.xcdatamodeld */ = {
			isa = XCVersionGroup;
			children = (
				90991F0D1DE8740C00433B7B /* Open_Close.xcdatamodel */,
			);
			currentVersion = 90991F0D1DE8740C00433B7B /* Open_Close.xcdatamodel */;
			path = Open_Close.xcdatamodeld;
			sourceTree = "<group>";
			versionGroupType = wrapper.xcdatamodel;
		};
/* End XCVersionGroup section */
	};
	rootObject = 90991EFA1DE8740C00433B7B /* Project object */;
}
